{
  "lockfileVersion": 1,
  "configVersion": 1,
  "workspaces": {
    "": {
      "name": "doc-sdk",
      "devDependencies": {
        "@types/bun": "latest",
        "@typescript/native-preview": "^7.0.0-dev.20260324.1",
        "lefthook": "^2.1.4",
        "oxfmt": "^0.42.0",
        "oxlint": "^1.57.0",
        "ultracite": "7.3.2",
      },
      "peerDependencies": {
        "typescript": "^6.0.2",
        "zod": "^4.3.6",
      },
    },
  },
  "packages": {
    "@clack/core": ["@clack/core@1.1.0", "", { "dependencies": { "sisteransi": "^1.0.5" } }, "sha512-SVcm4Dqm2ukn64/8Gub2wnlA5nS2iWJyCkdNHcvNHPIeBTGojpdJ+9cZKwLfmqy7irD4N5qLteSilJlE0WLAtA=="],

    "@clack/prompts": ["@clack/prompts@1.1.0", "", { "dependencies": { "@clack/core": "1.1.0", "sisteransi": "^1.0.5" } }, "sha512-pkqbPGtohJAvm4Dphs2M8xE29ggupihHdy1x84HNojZuMtFsHiUlRvqD24tM2+XmI+61LlfNceM3Wr7U5QES5g=="],

    "@oxfmt/binding-android-arm-eabi": ["@oxfmt/binding-android-arm-eabi@0.42.0", "", { "os": "android", "cpu": "arm" }, "sha512-dsqPTYsozeokRjlrt/b4E7Pj0z3eS3Eg74TWQuuKbjY4VttBmA88rB7d50Xrd+TZ986qdXCNeZRPEzZHAe+jow=="],

    "@oxfmt/binding-android-arm64": ["@oxfmt/binding-android-arm64@0.42.0", "", { "os": "android", "cpu": "arm64" }, "sha512-t+aAjHxcr5eOBphFHdg1ouQU9qmZZoRxnX7UOJSaTwSoKsb6TYezNKO0YbWytGXCECObRqNcUxPoPr0KaraAIg=="],

    "@oxfmt/binding-darwin-arm64": ["@oxfmt/binding-darwin-arm64@0.42.0", "", { "os": "darwin", "cpu": "arm64" }, "sha512-ulpSEYMKg61C5bRMZinFHrKJYRoKGVbvMEXA5zM1puX3O9T6Q4XXDbft20yrDijpYWeuG59z3Nabt+npeTsM1A=="],

    "@oxfmt/binding-darwin-x64": ["@oxfmt/binding-darwin-x64@0.42.0", "", { "os": "darwin", "cpu": "x64" }, "sha512-ttxLKhQYPdFiM8I/Ri37cvqChE4Xa562nNOsZFcv1CKTVLeEozXjKuYClNvxkXmNlcF55nzM80P+CQkdFBu+uQ=="],

    "@oxfmt/binding-freebsd-x64": ["@oxfmt/binding-freebsd-x64@0.42.0", "", { "os": "freebsd", "cpu": "x64" }, "sha512-Og7QS3yI3tdIKYZ58SXik0rADxIk2jmd+/YvuHRyKULWpG4V2fR5V4hvKm624Mc0cQET35waPXiCQWvjQEjwYQ=="],

    "@oxfmt/binding-linux-arm-gnueabihf": ["@oxfmt/binding-linux-arm-gnueabihf@0.42.0", "", { "os": "linux", "cpu": "arm" }, "sha512-jwLOw/3CW4H6Vxcry4/buQHk7zm9Ne2YsidzTL1kpiMe4qqrRCwev3dkyWe2YkFmP+iZCQ7zku4KwjcLRoh8ew=="],

    "@oxfmt/binding-linux-arm-musleabihf": ["@oxfmt/binding-linux-arm-musleabihf@0.42.0", "", { "os": "linux", "cpu": "arm" }, "sha512-XwXu2vkMtiq2h7tfvN+WA/9/5/1IoGAVCFPiiQUvcAuG3efR97KNcRGM8BetmbYouFotQ2bDal3yyjUx6IPsTg=="],

    "@oxfmt/binding-linux-arm64-gnu": ["@oxfmt/binding-linux-arm64-gnu@0.42.0", "", { "os": "linux", "cpu": "arm64" }, "sha512-ea7s/XUJoT7ENAtUQDudFe3nkSM3e3Qpz4nJFRdzO2wbgXEcjnchKLEsV3+t4ev3r8nWxIYr9NRjPWtnyIFJVA=="],

    "@oxfmt/binding-linux-arm64-musl": ["@oxfmt/binding-linux-arm64-musl@0.42.0", "", { "os": "linux", "cpu": "arm64" }, "sha512-+JA0YMlSdDqmacygGi2REp57c3fN+tzARD8nwsukx9pkCHK+6DkbAA9ojS4lNKsiBjIW8WWa0pBrBWhdZEqfuw=="],

    "@oxfmt/binding-linux-ppc64-gnu": ["@oxfmt/binding-linux-ppc64-gnu@0.42.0", "", { "os": "linux", "cpu": "ppc64" }, "sha512-VfnET0j4Y5mdfCzh5gBt0NK28lgn5DKx+8WgSMLYYeSooHhohdbzwAStLki9pNuGy51y4I7IoW8bqwAaCMiJQg=="],

    "@oxfmt/binding-linux-riscv64-gnu": ["@oxfmt/binding-linux-riscv64-gnu@0.42.0", "", { "os": "linux", "cpu": "none" }, "sha512-gVlCbmBkB0fxBWbhBj9rcxezPydsQHf4MFKeHoTSPicOQ+8oGeTQgQ8EeesSybWeiFPVRx3bgdt4IJnH6nOjAA=="],

    "@oxfmt/binding-linux-riscv64-musl": ["@oxfmt/binding-linux-riscv64-musl@0.42.0", "", { "os": "linux", "cpu": "none" }, "sha512-zN5OfstL0avgt/IgvRu0zjQzVh/EPkcLzs33E9LMAzpqlLWiPWeMDZyMGFlSRGOdDjuNmlZBCgj0pFnK5u32TQ=="],

    "@oxfmt/binding-linux-s390x-gnu": ["@oxfmt/binding-linux-s390x-gnu@0.42.0", "", { "os": "linux", "cpu": "s390x" }, "sha512-9X6+H2L0qMc2sCAgO9HS03bkGLMKvOFjmEdchaFlany3vNZOjnVui//D8k/xZAtQv2vaCs1reD5KAgPoIU4msA=="],

    "@oxfmt/binding-linux-x64-gnu": ["@oxfmt/binding-linux-x64-gnu@0.42.0", "", { "os": "linux", "cpu": "x64" }, "sha512-BajxJ6KQvMMdpXGPWhBGyjb2Jvx4uec0w+wi6TJZ6Tv7+MzPwe0pO8g5h1U0jyFgoaF7mDl6yKPW3ykWcbUJRw=="],

    "@oxfmt/binding-linux-x64-musl": ["@oxfmt/binding-linux-x64-musl@0.42.0", "", { "os": "linux", "cpu": "x64" }, "sha512-0wV284I6vc5f0AqAhgAbHU2935B4bVpncPoe5n/WzVZY/KnHgqxC8iSFGeSyLWEgstFboIcWkOPck7tqbdHkzA=="],

    "@oxfmt/binding-openharmony-arm64": ["@oxfmt/binding-openharmony-arm64@0.42.0", "", { "os": "none", "cpu": "arm64" }, "sha512-p4BG6HpGnhfgHk1rzZfyR6zcWkE7iLrWxyehHfXUy4Qa5j3e0roglFOdP/Nj5cJJ58MA3isQ5dlfkW2nNEpolw=="],

    "@oxfmt/binding-win32-arm64-msvc": ["@oxfmt/binding-win32-arm64-msvc@0.42.0", "", { "os": "win32", "cpu": "arm64" }, "sha512-mn//WV60A+IetORDxYieYGAoQso4KnVRRjORDewMcod4irlRe0OSC7YPhhwaexYNPQz/GCFk+v9iUcZ2W22yxQ=="],

    "@oxfmt/binding-win32-ia32-msvc": ["@oxfmt/binding-win32-ia32-msvc@0.42.0", "", { "os": "win32", "cpu": "ia32" }, "sha512-3gWltUrvuz4LPJXWivoAxZ28Of2O4N7OGuM5/X3ubPXCEV8hmgECLZzjz7UYvSDUS3grfdccQwmjynm+51EFpw=="],

    "@oxfmt/binding-win32-x64-msvc": ["@oxfmt/binding-win32-x64-msvc@0.42.0", "", { "os": "win32", "cpu": "x64" }, "sha512-Wg4TMAfQRL9J9AZevJ/ZNy3uyyDztDYQtGr4P8UyyzIhLhFrdSmz1J/9JT+rv0fiCDLaFOBQnj3f3K3+a5PzDQ=="],

    "@oxlint/binding-android-arm-eabi": ["@oxlint/binding-android-arm-eabi@1.57.0", "", { "os": "android", "cpu": "arm" }, "sha512-C7EiyfAJG4B70496eV543nKiq5cH0o/xIh/ufbjQz3SIvHhlDDsyn+mRFh+aW8KskTyUpyH2LGWL8p2oN6bl1A=="],

    "@oxlint/binding-android-arm64": ["@oxlint/binding-android-arm64@1.57.0", "", { "os": "android", "cpu": "arm64" }, "sha512-9i80AresjZ/FZf5xK8tKFbhQnijD4s1eOZw6/FHUwD59HEZbVLRc2C88ADYJfLZrF5XofWDiRX/Ja9KefCLy7w=="],

    "@oxlint/binding-darwin-arm64": ["@oxlint/binding-darwin-arm64@1.57.0", "", { "os": "darwin", "cpu": "arm64" }, "sha512-0eUfhRz5L2yKa9I8k3qpyl37XK3oBS5BvrgdVIx599WZK63P8sMbg+0s4IuxmIiZuBK68Ek+Z+gcKgeYf0otsg=="],

    "@oxlint/binding-darwin-x64": ["@oxlint/binding-darwin-x64@1.57.0", "", { "os": "darwin", "cpu": "x64" }, "sha512-UvrSuzBaYOue+QMAcuDITe0k/Vhj6KZGjfnI6x+NkxBTke/VoM7ZisaxgNY0LWuBkTnd1OmeQfEQdQ48fRjkQg=="],

    "@oxlint/binding-freebsd-x64": ["@oxlint/binding-freebsd-x64@1.57.0", "", { "os": "freebsd", "cpu": "x64" }, "sha512-wtQq0dCoiw4bUwlsNVDJJ3pxJA218fOezpgtLKrbQqUtQJcM9yP8z+I9fu14aHg0uyAxIY+99toL6uBa2r7nxA=="],

    "@oxlint/binding-linux-arm-gnueabihf": ["@oxlint/binding-linux-arm-gnueabihf@1.57.0", "", { "os": "linux", "cpu": "arm" }, "sha512-qxFWl2BBBFcT4djKa+OtMdnLgoHEJXpqjyGwz8OhW35ImoCwR5qtAGqApNYce5260FQqoAHW8S8eZTjiX67Tsg=="],

    "@oxlint/binding-linux-arm-musleabihf": ["@oxlint/binding-linux-arm-musleabihf@1.57.0", "", { "os": "linux", "cpu": "arm" }, "sha512-SQoIsBU7J0bDW15/f0/RvxHfY3Y0+eB/caKBQtNFbuerTiA6JCYx9P1MrrFTwY2dTm/lMgTSgskvCEYk2AtG/Q=="],

    "@oxlint/binding-linux-arm64-gnu": ["@oxlint/binding-linux-arm64-gnu@1.57.0", "", { "os": "linux", "cpu": "arm64" }, "sha512-jqxYd1W6WMeozsCmqe9Rzbu3SRrGTyGDAipRlRggetyYbUksJqJKvUNTQtZR/KFoJPb+grnSm5SHhdWrywv3RQ=="],

    "@oxlint/binding-linux-arm64-musl": ["@oxlint/binding-linux-arm64-musl@1.57.0", "", { "os": "linux", "cpu": "arm64" }, "sha512-i66WyEPVEvq9bxRUCJ/MP5EBfnTDN3nhwEdFZFTO5MmLLvzngfWEG3NSdXQzTT3vk5B9i6C2XSIYBh+aG6uqyg=="],

    "@oxlint/binding-linux-ppc64-gnu": ["@oxlint/binding-linux-ppc64-gnu@1.57.0", "", { "os": "linux", "cpu": "ppc64" }, "sha512-oMZDCwz4NobclZU3pH+V1/upVlJZiZvne4jQP+zhJwt+lmio4XXr4qG47CehvrW1Lx2YZiIHuxM2D4YpkG3KVA=="],

    "@oxlint/binding-linux-riscv64-gnu": ["@oxlint/binding-linux-riscv64-gnu@1.57.0", "", { "os": "linux", "cpu": "none" }, "sha512-uoBnjJ3MMEBbfnWC1jSFr7/nSCkcQYa72NYoNtLl1imshDnWSolYCjzb8LVCwYCCfLJXD+0gBLD7fyC14c0+0g=="],

    "@oxlint/binding-linux-riscv64-musl": ["@oxlint/binding-linux-riscv64-musl@1.57.0", "", { "os": "linux", "cpu": "none" }, "sha512-BdrwD7haPZ8a9KrZhKJRSj6jwCor+Z8tHFZ3PT89Y3Jq5v3LfMfEePeAmD0LOTWpiTmzSzdmyw9ijneapiVHKQ=="],

    "@oxlint/binding-linux-s390x-gnu": ["@oxlint/binding-linux-s390x-gnu@1.57.0", "", { "os": "linux", "cpu": "s390x" }, "sha512-BNs+7ZNsRstVg2tpNxAXfMX/Iv5oZh204dVyb8Z37+/gCh+yZqNTlg6YwCLIMPSk5wLWIGOaQjT0GUOahKYImw=="],

    "@oxlint/binding-linux-x64-gnu": ["@oxlint/binding-linux-x64-gnu@1.57.0", "", { "os": "linux", "cpu": "x64" }, "sha512-AghS18w+XcENcAX0+BQGLiqjpqpaxKJa4cWWP0OWNLacs27vHBxu7TYkv9LUSGe5w8lOJHeMxcYfZNOAPqw2bg=="],

    "@oxlint/binding-linux-x64-musl": ["@oxlint/binding-linux-x64-musl@1.57.0", "", { "os": "linux", "cpu": "x64" }, "sha512-E/FV3GB8phu/Rpkhz5T96hAiJlGzn91qX5yj5gU754P5cmVGXY1Jw/VSjDSlZBCY3VHjsVLdzgdkJaomEmcNOg=="],

    "@oxlint/binding-openharmony-arm64": ["@oxlint/binding-openharmony-arm64@1.57.0", "", { "os": "none", "cpu": "arm64" }, "sha512-xvZ2yZt0nUVfU14iuGv3V25jpr9pov5N0Wr28RXnHFxHCRxNDMtYPHV61gGLhN9IlXM96gI4pyYpLSJC5ClLCQ=="],

    "@oxlint/binding-win32-arm64-msvc": ["@oxlint/binding-win32-arm64-msvc@1.57.0", "", { "os": "win32", "cpu": "arm64" }, "sha512-Z4D8Pd0AyHBKeazhdIXeUUy5sIS3Mo0veOlzlDECg6PhRRKgEsBJCCV1n+keUZtQ04OP+i7+itS3kOykUyNhDg=="],

    "@oxlint/binding-win32-ia32-msvc": ["@oxlint/binding-win32-ia32-msvc@1.57.0", "", { "os": "win32", "cpu": "ia32" }, "sha512-StOZ9nFMVKvevicbQfql6Pouu9pgbeQnu60Fvhz2S6yfMaii+wnueLnqQ5I1JPgNF0Syew4voBlAaHD13wH6tw=="],

    "@oxlint/binding-win32-x64-msvc": ["@oxlint/binding-win32-x64-msvc@1.57.0", "", { "os": "win32", "cpu": "x64" }, "sha512-6PuxhYgth8TuW0+ABPOIkGdBYw+qYGxgIdXPHSVpiCDm+hqTTWCmC739St1Xni0DJBt8HnSHTG67i1y6gr8qrA=="],

    "@types/bun": ["@types/bun@1.3.11", "", { "dependencies": { "bun-types": "1.3.11" } }, "sha512-5vPne5QvtpjGpsGYXiFyycfpDF2ECyPcTSsFBMa0fraoxiQyMJ3SmuQIGhzPg2WJuWxVBoxWJ2kClYTcw/4fAg=="],

    "@types/node": ["@types/node@25.5.0", "", { "dependencies": { "undici-types": "~7.18.0" } }, "sha512-jp2P3tQMSxWugkCUKLRPVUpGaL5MVFwF8RDuSRztfwgN1wmqJeMSbKlnEtQqU8UrhTmzEmZdu2I6v2dpp7XIxw=="],

    "@typescript/native-preview": ["@typescript/native-preview@7.0.0-dev.20260324.1", "", { "optionalDependencies": { "@typescript/native-preview-darwin-arm64": "7.0.0-dev.20260324.1", "@typescript/native-preview-darwin-x64": "7.0.0-dev.20260324.1", "@typescript/native-preview-linux-arm": "7.0.0-dev.20260324.1", "@typescript/native-preview-linux-arm64": "7.0.0-dev.20260324.1", "@typescript/native-preview-linux-x64": "7.0.0-dev.20260324.1", "@typescript/native-preview-win32-arm64": "7.0.0-dev.20260324.1", "@typescript/native-preview-win32-x64": "7.0.0-dev.20260324.1" }, "bin": { "tsgo": "bin/tsgo.js" } }, "sha512-AzuC/jEAucVCay7ckwexa8Ao4NfDUeVYBTIxGG9fc1qh2q1JphdUW50PLRyNJXCDcnLtghSIDBi+wfFgVBtcMQ=="],

    "@typescript/native-preview-darwin-arm64": ["@typescript/native-preview-darwin-arm64@7.0.0-dev.20260324.1", "", { "os": "darwin", "cpu": "arm64" }, "sha512-Yg4zANP69mquBH4VwgfaSGj98Bc1o1mKFX4kk6WFEGvUX7BKvakiMXmKRKc79zY8HtpSKXiqTYcbOtumoRKfTA=="],

    "@typescript/native-preview-darwin-x64": ["@typescript/native-preview-darwin-x64@7.0.0-dev.20260324.1", "", { "os": "darwin", "cpu": "x64" }, "sha512-hlMIJQjlbwNTH3iS8IivAxeu7I4OLm645kErSynAR4i8O6lZiSeaZndUqIDYx/+er4bb01X0Fnxa8BTW2Emv2A=="],

    "@typescript/native-preview-linux-arm": ["@typescript/native-preview-linux-arm@7.0.0-dev.20260324.1", "", { "os": "linux", "cpu": "arm" }, "sha512-uWcNrDuCdJb3TCAWI7TvrEzgluDiWmnNFeyE48mlgiVpcf7XVD9PwD0AIxvlO27NyF+NkQ3guHFssmjkhi0E9w=="],

    "@typescript/native-preview-linux-arm64": ["@typescript/native-preview-linux-arm64@7.0.0-dev.20260324.1", "", { "os": "linux", "cpu": "arm64" }, "sha512-1oCTzfOOujaa0DhFj7epM3xqhoI4l+d2f584zeQjPCvk8FJBj4kwfOMZV139bEe+G5IoGsvhJzzRYzfu2diZkA=="],

    "@typescript/native-preview-linux-x64": ["@typescript/native-preview-linux-x64@7.0.0-dev.20260324.1", "", { "os": "linux", "cpu": "x64" }, "sha512-MzGh802vVwm9pCuFD6n7MrfaHn44ewayqZ5MSnSMmOZZzaOGwmGCCNDJUvsSsDSwIrYt8bU6LbUxx7TvlpJ8dQ=="],

    "@typescript/native-preview-win32-arm64": ["@typescript/native-preview-win32-arm64@7.0.0-dev.20260324.1", "", { "os": "win32", "cpu": "arm64" }, "sha512-CyxCw3Rj+nqI2cVP4CmdEAn+8UkGJM1vWmNQ2q3z5ZF3V+JdnlmhALEzk4bu0ddu5pyHwM1fOHLsD7xcGUcKtQ=="],

    "@typescript/native-preview-win32-x64": ["@typescript/native-preview-win32-x64@7.0.0-dev.20260324.1", "", { "os": "win32", "cpu": "x64" }, "sha512-6J8V5cHOrh7Cjl6lv8+zsDY5NkbMYBwXroKlFUzThZ7vpJlEaa51DPQyCyILIXodv5XODd5arRcbaY+cC6Et8Q=="],

    "balanced-match": ["balanced-match@4.0.4", "", {}, "sha512-BLrgEcRTwX2o6gGxGOCNyMvGSp35YofuYzw9h1IMTRmKqttAZZVU67bdb9Pr2vUHA8+j3i2tJfjO6C6+4myGTA=="],

    "brace-expansion": ["brace-expansion@5.0.4", "", { "dependencies": { "balanced-match": "^4.0.2" } }, "sha512-h+DEnpVvxmfVefa4jFbCf5HdH5YMDXRsmKflpf1pILZWRFlTbJpxeU55nJl4Smt5HQaGzg1o6RHFPJaOqnmBDg=="],

    "bun-types": ["bun-types@1.3.11", "", { "dependencies": { "@types/node": "*" } }, "sha512-1KGPpoxQWl9f6wcZh57LvrPIInQMn2TQ7jsgxqpRzg+l0QPOFvJVH7HmvHo/AiPgwXy+/Thf6Ov3EdVn1vOabg=="],

    "citty": ["citty@0.2.1", "", {}, "sha512-kEV95lFBhQgtogAPlQfJJ0WGVSokvLr/UEoFPiKKOXF7pl98HfUVUD0ejsuTCld/9xH9vogSywZ5KqHzXrZpqg=="],

    "commander": ["commander@14.0.3", "", {}, "sha512-H+y0Jo/T1RZ9qPP4Eh1pkcQcLRglraJaSLoyOtHxu6AapkjWVCy2Sit1QQ4x3Dng8qDlSsZEet7g5Pq06MvTgw=="],

    "deepmerge": ["deepmerge@4.3.1", "", {}, "sha512-3sUqbMEc77XqpdNO7FRyRog+eW3ph+GYCbj+rK+uYyRMuwsVy0rMiVtPn+QJlKFvWP/1PYpapqYn0Me2knFn+A=="],

    "glob": ["glob@13.0.6", "", { "dependencies": { "minimatch": "^10.2.2", "minipass": "^7.1.3", "path-scurry": "^2.0.2" } }, "sha512-Wjlyrolmm8uDpm/ogGyXZXb1Z+Ca2B8NbJwqBVg0axK9GbBeoS7yGV6vjXnYdGm6X53iehEuxxbyiKp8QmN4Vw=="],

    "jsonc-parser": ["jsonc-parser@3.3.1", "", {}, "sha512-HUgH65KyejrUFPvHFPbqOY0rsFip3Bo5wb4ngvdi1EpCYWUQDC5V+Y7mZws+DLkr4M//zQJoanu1SP+87Dv1oQ=="],

    "lefthook": ["lefthook@2.1.4", "", { "optionalDependencies": { "lefthook-darwin-arm64": "2.1.4", "lefthook-darwin-x64": "2.1.4", "lefthook-freebsd-arm64": "2.1.4", "lefthook-freebsd-x64": "2.1.4", "lefthook-linux-arm64": "2.1.4", "lefthook-linux-x64": "2.1.4", "lefthook-openbsd-arm64": "2.1.4", "lefthook-openbsd-x64": "2.1.4", "lefthook-windows-arm64": "2.1.4", "lefthook-windows-x64": "2.1.4" }, "bin": { "lefthook": "bin/index.js" } }, "sha512-JNfJ5gAn0KADvJ1I6/xMcx70+/6TL6U9gqGkKvPw5RNMfatC7jIg0Evl97HN846xmfz959BV70l8r3QsBJk30w=="],

    "lefthook-darwin-arm64": ["lefthook-darwin-arm64@2.1.4", "", { "os": "darwin", "cpu": "arm64" }, "sha512-BUAAE9+rUrjr39a+wH/1zHmGrDdwUQ2Yq/z6BQbM/yUb9qtXBRcQ5eOXxApqWW177VhGBpX31aqIlfAZ5Q7wzw=="],

    "lefthook-darwin-x64": ["lefthook-darwin-x64@2.1.4", "", { "os": "darwin", "cpu": "x64" }, "sha512-K1ncIMEe84fe+ss1hQNO7rIvqiKy2TJvTFpkypvqFodT7mJXZn7GLKYTIXdIuyPAYthRa9DwFnx5uMoHwD2F1Q=="],

    "lefthook-freebsd-arm64": ["lefthook-freebsd-arm64@2.1.4", "", { "os": "freebsd", "cpu": "arm64" }, "sha512-PVUhjOhVN71YaYsVdQyNbFZ4a2jFB2Tg5hKrrn9kaWpx64aLz/XivLjwr8sEuTaP1GRlEWBpW6Bhrcsyo39qFw=="],

    "lefthook-freebsd-x64": ["lefthook-freebsd-x64@2.1.4", "", { "os": "freebsd", "cpu": "x64" }, "sha512-ZWV9o/LeyWNEBoVO+BhLqxH3rGTba05nkm5NvMjEFSj7LbUNUDbQmupZwtHl1OMGJO66eZP0CalzRfUH6GhBxQ=="],

    "lefthook-linux-arm64": ["lefthook-linux-arm64@2.1.4", "", { "os": "linux", "cpu": "arm64" }, "sha512-iWN0pGnTjrIvNIcSI1vQBJXUbybTqJ5CLMniPA0olabMXQfPDrdMKVQe+mgdwHK+E3/Y0H0ZNL3lnOj6Sk6szA=="],

    "lefthook-linux-x64": ["lefthook-linux-x64@2.1.4", "", { "os": "linux", "cpu": "x64" }, "sha512-96bTBE/JdYgqWYAJDh+/e/0MaxJ25XTOAk7iy/fKoZ1ugf6S0W9bEFbnCFNooXOcxNVTan5xWKfcjJmPIKtsJA=="],

    "lefthook-openbsd-arm64": ["lefthook-openbsd-arm64@2.1.4", "", { "os": "openbsd", "cpu": "arm64" }, "sha512-oYUoK6AIJNEr9lUSpIMj6g7sWzotvtc3ryw7yoOyQM6uqmEduw73URV/qGoUcm4nqqmR93ZalZwR2r3Gd61zvw=="],

    "lefthook-openbsd-x64": ["lefthook-openbsd-x64@2.1.4", "", { "os": "openbsd", "cpu": "x64" }, "sha512-i/Dv9Jcm68y9cggr1PhyUhOabBGP9+hzQPoiyOhKks7y9qrJl79A8XfG6LHekSuYc2VpiSu5wdnnrE1cj2nfTg=="],

    "lefthook-windows-arm64": ["lefthook-windows-arm64@2.1.4", "", { "os": "win32", "cpu": "arm64" }, "sha512-hSww7z+QX4YMnw2lK7DMrs3+w7NtxksuMKOkCKGyxUAC/0m1LAICo0ZbtdDtZ7agxRQQQ/SEbzFRhU5ysNcbjA=="],

    "lefthook-windows-x64": ["lefthook-windows-x64@2.1.4", "", { "os": "win32", "cpu": "x64" }, "sha512-eE68LwnogxwcPgGsbVGPGxmghyMGmU9SdGwcc+uhGnUxPz1jL89oECMWJNc36zjVK24umNeDAzB5KA3lw1MuWw=="],

    "lru-cache": ["lru-cache@11.2.7", "", {}, "sha512-aY/R+aEsRelme17KGQa/1ZSIpLpNYYrhcrepKTZgE+W3WM16YMCaPwOHLHsmopZHELU0Ojin1lPVxKR0MihncA=="],

    "minimatch": ["minimatch@10.2.4", "", { "dependencies": { "brace-expansion": "^5.0.2" } }, "sha512-oRjTw/97aTBN0RHbYCdtF1MQfvusSIBQM0IZEgzl6426+8jSC0nF1a/GmnVLpfB9yyr6g6FTqWqiZVbxrtaCIg=="],

    "minipass": ["minipass@7.1.3", "", {}, "sha512-tEBHqDnIoM/1rXME1zgka9g6Q2lcoCkxHLuc7ODJ5BxbP5d4c2Z5cGgtXAku59200Cx7diuHTOYfSBD8n6mm8A=="],

    "nypm": ["nypm@0.6.5", "", { "dependencies": { "citty": "^0.2.0", "pathe": "^2.0.3", "tinyexec": "^1.0.2" }, "bin": { "nypm": "dist/cli.mjs" } }, "sha512-K6AJy1GMVyfyMXRVB88700BJqNUkByijGJM8kEHpLdcAt+vSQAVfkWWHYzuRXHSY6xA2sNc5RjTj0p9rE2izVQ=="],

    "oxfmt": ["oxfmt@0.42.0", "", { "dependencies": { "tinypool": "2.1.0" }, "optionalDependencies": { "@oxfmt/binding-android-arm-eabi": "0.42.0", "@oxfmt/binding-android-arm64": "0.42.0", "@oxfmt/binding-darwin-arm64": "0.42.0", "@oxfmt/binding-darwin-x64": "0.42.0", "@oxfmt/binding-freebsd-x64": "0.42.0", "@oxfmt/binding-linux-arm-gnueabihf": "0.42.0", "@oxfmt/binding-linux-arm-musleabihf": "0.42.0", "@oxfmt/binding-linux-arm64-gnu": "0.42.0", "@oxfmt/binding-linux-arm64-musl": "0.42.0", "@oxfmt/binding-linux-ppc64-gnu": "0.42.0", "@oxfmt/binding-linux-riscv64-gnu": "0.42.0", "@oxfmt/binding-linux-riscv64-musl": "0.42.0", "@oxfmt/binding-linux-s390x-gnu": "0.42.0", "@oxfmt/binding-linux-x64-gnu": "0.42.0", "@oxfmt/binding-linux-x64-musl": "0.42.0", "@oxfmt/binding-openharmony-arm64": "0.42.0", "@oxfmt/binding-win32-arm64-msvc": "0.42.0", "@oxfmt/binding-win32-ia32-msvc": "0.42.0", "@oxfmt/binding-win32-x64-msvc": "0.42.0" }, "bin": { "oxfmt": "bin/oxfmt" } }, "sha512-QhejGErLSMReNuZ6vxgFHDyGoPbjTRNi6uGHjy0cvIjOQFqD6xmr/T+3L41ixR3NIgzcNiJ6ylQKpvShTgDfqg=="],

    "oxlint": ["oxlint@1.57.0", "", { "optionalDependencies": { "@oxlint/binding-android-arm-eabi": "1.57.0", "@oxlint/binding-android-arm64": "1.57.0", "@oxlint/binding-darwin-arm64": "1.57.0", "@oxlint/binding-darwin-x64": "1.57.0", "@oxlint/binding-freebsd-x64": "1.57.0", "@oxlint/binding-linux-arm-gnueabihf": "1.57.0", "@oxlint/binding-linux-arm-musleabihf": "1.57.0", "@oxlint/binding-linux-arm64-gnu": "1.57.0", "@oxlint/binding-linux-arm64-musl": "1.57.0", "@oxlint/binding-linux-ppc64-gnu": "1.57.0", "@oxlint/binding-linux-riscv64-gnu": "1.57.0", "@oxlint/binding-linux-riscv64-musl": "1.57.0", "@oxlint/binding-linux-s390x-gnu": "1.57.0", "@oxlint/binding-linux-x64-gnu": "1.57.0", "@oxlint/binding-linux-x64-musl": "1.57.0", "@oxlint/binding-openharmony-arm64": "1.57.0", "@oxlint/binding-win32-arm64-msvc": "1.57.0", "@oxlint/binding-win32-ia32-msvc": "1.57.0", "@oxlint/binding-win32-x64-msvc": "1.57.0" }, "peerDependencies": { "oxlint-tsgolint": ">=0.15.0" }, "optionalPeers": ["oxlint-tsgolint"], "bin": { "oxlint": "bin/oxlint" } }, "sha512-DGFsuBX5MFZX9yiDdtKjTrYPq45CZ8Fft6qCltJITYZxfwYjVdGf/6wycGYTACloauwIPxUnYhBVeZbHvleGhw=="],

    "path-scurry": ["path-scurry@2.0.2", "", { "dependencies": { "lru-cache": "^11.0.0", "minipass": "^7.1.2" } }, "sha512-3O/iVVsJAPsOnpwWIeD+d6z/7PmqApyQePUtCndjatj/9I5LylHvt5qluFaBT3I5h3r1ejfR056c+FCv+NnNXg=="],

    "pathe": ["pathe@2.0.3", "", {}, "sha512-WUjGcAqP1gQacoQe+OBJsFA7Ld4DyXuUIjZ5cc75cLHvJ7dtNsTugphxIADwspS+AraAUePCKrSVtPLFj/F88w=="],

    "sisteransi": ["sisteransi@1.0.5", "", {}, "sha512-bLGGlR1QxBcynn2d5YmDX4MGjlZvy2MRBDRNHLJ8VI6l6+9FUiyTFNJ0IveOSP0bcXgVDPRcfGqA0pjaqUpfVg=="],

    "tinyexec": ["tinyexec@1.0.4", "", {}, "sha512-u9r3uZC0bdpGOXtlxUIdwf9pkmvhqJdrVCH9fapQtgy/OeTTMZ1nqH7agtvEfmGui6e1XxjcdrlxvxJvc3sMqw=="],

    "tinypool": ["tinypool@2.1.0", "", {}, "sha512-Pugqs6M0m7Lv1I7FtxN4aoyToKg1C4tu+/381vH35y8oENM/Ai7f7C4StcoK4/+BSw9ebcS8jRiVrORFKCALLw=="],

    "typescript": ["typescript@5.9.3", "", { "bin": { "tsc": "bin/tsc", "tsserver": "bin/tsserver" } }, "sha512-jl1vZzPDinLr9eUt3J/t7V6FgNEw9QjvBPdysz9KfQDD41fQrC2Y4vKQdiaUpFT4bXlb1RHhLpp8wtm6M5TgSw=="],

    "ultracite": ["ultracite@7.3.2", "", { "dependencies": { "@clack/prompts": "^1.1.0", "commander": "^14.0.3", "deepmerge": "^4.3.1", "glob": "^13.0.6", "jsonc-parser": "^3.3.1", "nypm": "^0.6.5" }, "peerDependencies": { "oxlint": "^1.0.0" }, "optionalPeers": ["oxlint"], "bin": { "ultracite": "dist/index.js" } }, "sha512-JV2TdeBDc1aaj3wFzXLjRcBlUZkXBdShMLAjHh9YLK0rXPSK42CzHqfWXUfibFUAUiUGNwoOFnIpS45EaJAcdg=="],

    "undici-types": ["undici-types@7.18.2", "", {}, "sha512-AsuCzffGHJybSaRrmr5eHr81mwJU3kjw6M+uprWvCXiNeN9SOGwQ3Jn8jb8m3Z6izVgknn1R0FTCEAP2QrLY/w=="],

    "zod": ["zod@4.3.6", "", {}, "sha512-rftlrkhHZOcjDwkGlnUtZZkvaPHCsDATp4pGpuOOMDaTdDDXF91wuVDJoWoPsKX/3YPQ5fHuF3STjcYyKr+Qhg=="],
  }
}
